
Microsoft Visual Studio Solution File, Format Version 12.00
# Visual Studio Version 16
VisualStudioVersion = 16.0.29424.173
MinimumVisualStudioVersion = 10.0.40219.1
Project("{FAE04EC0-301F-11D3-BF4B-00C04F79EFBC}") = "HalloAspektorientiertesProgrammieren", "HalloAspektorientiertesProgrammieren\HalloAspektorientiertesProgrammieren.csproj", "{DEAA1A4C-F73D-49AC-A116-C82E841322F0}"
EndProject
Project("{FAE04EC0-301F-11D3-BF4B-00C04F79EFBC}") = "Domain", "Domain\Domain.csproj", "{2F94B597-974A-431F-AC34-EE3DDF20C1C1}"
EndProject
Project("{FAE04EC0-301F-11D3-BF4B-00C04F79EFBC}") = "Data", "Data\Data.csproj", "{E1D63832-B7C9-4539-ADBD-74878C2B15C3}"
EndProject
Project("{FAE04EC0-301F-11D3-BF4B-00C04F79EFBC}") = "Logic", "Logic\Logic.csproj", "{F15F5F80-D219-4B76-8796-7DF3A677AE07}"
EndProject
Global
	GlobalSection(SolutionConfigurationPlatforms) = preSolution
		Debug|Any CPU = Debug|Any CPU
		Release|Any CPU = Release|Any CPU
	EndGlobalSection
	GlobalSection(ProjectConfigurationPlatforms) = postSolution
		{DEAA1A4C-F73D-49AC-A116-C82E841322F0}.Debug|Any CPU.ActiveCfg = Debug|Any CPU
		{DEAA1A4C-F73D-49AC-A116-C82E841322F0}.Debug|Any CPU.Build.0 = Debug|Any CPU
		{DEAA1A4C-F73D-49AC-A116-C82E841322F0}.Release|Any CPU.ActiveCfg = Release|Any CPU
		{DEAA1A4C-F73D-49AC-A116-C82E841322F0}.Release|Any CPU.Build.0 = Release|Any CPU
		{2F94B597-974A-431F-AC34-EE3DDF20C1C1}.Debug|Any CPU.ActiveCfg = Debug|Any CPU
		{2F94B597-974A-431F-AC34-EE3DDF20C1C1}.Debug|Any CPU.Build.0 = Debug|Any CPU
		{2F94B597-974A-431F-AC34-EE3DDF20C1C1}.Release|Any CPU.ActiveCfg = Release|Any CPU
		{2F94B597-974A-431F-AC34-EE3DDF20C1C1}.Release|Any CPU.Build.0 = Release|Any CPU
		{E1D63832-B7C9-4539-ADBD-74878C2B15C3}.Debug|Any CPU.ActiveCfg = Debug|Any CPU
		{E1D63832-B7C9-4539-ADBD-74878C2B15C3}.Debug|Any CPU.Build.0 = Debug|Any CPU
		{E1D63832-B7C9-4539-ADBD-74878C2B15C3}.Release|Any CPU.ActiveCfg = Release|Any CPU
		{E1D63832-B7C9-4539-ADBD-74878C2B15C3}.Release|Any CPU.Build.0 = Release|Any CPU
		{F15F5F80-D219-4B76-8796-7DF3A677AE07}.Debug|Any CPU.ActiveCfg = Debug|Any CPU
		{F15F5F80-D219-4B76-8796-7DF3A677AE07}.Debug|Any CPU.Build.0 = Debug|Any CPU
		{F15F5F80-D219-4B76-8796-7DF3A677AE07}.Release|Any CPU.ActiveCfg = Release|Any CPU
		{F15F5F80-D219-4B76-8796-7DF3A677AE07}.Release|Any CPU.Build.0 = Release|Any CPU
	EndGlobalSection
	GlobalSection(SolutionProperties) = preSolution
		HideSolutionNode = FALSE
	EndGlobalSection
	GlobalSection(ExtensibilityGlobals) = postSolution
		SolutionGuid = {F7F0675B-D034-4BA6-9971-1318F758CC17}
	EndGlobalSection
EndGlobal
