
Microsoft Visual Studio Solution File, Format Version 12.00
# Visual Studio Version 16
VisualStudioVersion = 16.0.29424.173
MinimumVisualStudioVersion = 10.0.40219.1
Project("{FAE04EC0-301F-11D3-BF4B-00C04F79EFBC}") = "HalloThreading", "HalloThreading\HalloThreading.csproj", "{199EC514-3633-40DC-BA9A-D5D4604D8AC1}"
EndProject
Global
	GlobalSection(SolutionConfigurationPlatforms) = preSolution
		Debug|Any CPU = Debug|Any CPU
		Release|Any CPU = Release|Any CPU
	EndGlobalSection
	GlobalSection(ProjectConfigurationPlatforms) = postSolution
		{199EC514-3633-40DC-BA9A-D5D4604D8AC1}.Debug|Any CPU.ActiveCfg = Debug|Any CPU
		{199EC514-3633-40DC-BA9A-D5D4604D8AC1}.Debug|Any CPU.Build.0 = Debug|Any CPU
		{199EC514-3633-40DC-BA9A-D5D4604D8AC1}.Release|Any CPU.ActiveCfg = Release|Any CPU
		{199EC514-3633-40DC-BA9A-D5D4604D8AC1}.Release|Any CPU.Build.0 = Release|Any CPU
	EndGlobalSection
	GlobalSection(SolutionProperties) = preSolution
		HideSolutionNode = FALSE
	EndGlobalSection
	GlobalSection(ExtensibilityGlobals) = postSolution
		SolutionGuid = {BA286F42-1D1E-47F2-A2F2-0225AF49E7AD}
	EndGlobalSection
EndGlobal
