
Microsoft Visual Studio Solution File, Format Version 12.00
# Visual Studio Version 16
VisualStudioVersion = 16.0.29424.173
MinimumVisualStudioVersion = 10.0.40219.1
Project("{FAE04EC0-301F-11D3-BF4B-00C04F79EFBC}") = "SOLID_Taschenrechner", "SOLID_Taschenrechner\SOLID_Taschenrechner.csproj", "{EA136D48-BEF0-4147-9B59-086B207553BC}"
EndProject
Global
	GlobalSection(SolutionConfigurationPlatforms) = preSolution
		Debug|Any CPU = Debug|Any CPU
		Release|Any CPU = Release|Any CPU
	EndGlobalSection
	GlobalSection(ProjectConfigurationPlatforms) = postSolution
		{EA136D48-BEF0-4147-9B59-086B207553BC}.Debug|Any CPU.ActiveCfg = Debug|Any CPU
		{EA136D48-BEF0-4147-9B59-086B207553BC}.Debug|Any CPU.Build.0 = Debug|Any CPU
		{EA136D48-BEF0-4147-9B59-086B207553BC}.Release|Any CPU.ActiveCfg = Release|Any CPU
		{EA136D48-BEF0-4147-9B59-086B207553BC}.Release|Any CPU.Build.0 = Release|Any CPU
	EndGlobalSection
	GlobalSection(SolutionProperties) = preSolution
		HideSolutionNode = FALSE
	EndGlobalSection
	GlobalSection(ExtensibilityGlobals) = postSolution
		SolutionGuid = {36F643D4-C424-46B6-8D03-7E8F7DCDFA6C}
	EndGlobalSection
EndGlobal
